
Microsoft Visual Studio Solution File, Format Version 12.00
# Visual Studio 14
VisualStudioVersion = 14.0.25420.1
MinimumVisualStudioVersion = 10.0.40219.1
Project("{FAE04EC0-301F-11D3-BF4B-00C04F79EFBC}") = "FlightDisplay", "FlightDisplay\FlightDisplay.csproj", "{468B2629-EC0F-4203-8132-C3CA651E06B2}"
EndProject
Project("{D954291E-2A0B-460D-934E-DC6B0785DB48}") = "Models", "..\FlightsEmulator\Models\Models.shproj", "{B19FDD71-2CC2-4ECD-9AEF-72866F8624E2}"
EndProject
Global
	GlobalSection(SharedMSBuildProjectFiles) = preSolution
		..\FlightsEmulator\Models\Models.projitems*{468b2629-ec0f-4203-8132-c3ca651e06b2}*SharedItemsImports = 4
		..\FlightsEmulator\Models\Models.projitems*{b19fdd71-2cc2-4ecd-9aef-72866f8624e2}*SharedItemsImports = 13
	EndGlobalSection
	GlobalSection(SolutionConfigurationPlatforms) = preSolution
		Debug|Any CPU = Debug|Any CPU
		Release|Any CPU = Release|Any CPU
	EndGlobalSection
	GlobalSection(ProjectConfigurationPlatforms) = postSolution
		{468B2629-EC0F-4203-8132-C3CA651E06B2}.Debug|Any CPU.ActiveCfg = Debug|Any CPU
		{468B2629-EC0F-4203-8132-C3CA651E06B2}.Debug|Any CPU.Build.0 = Debug|Any CPU
		{468B2629-EC0F-4203-8132-C3CA651E06B2}.Release|Any CPU.ActiveCfg = Release|Any CPU
		{468B2629-EC0F-4203-8132-C3CA651E06B2}.Release|Any CPU.Build.0 = Release|Any CPU
	EndGlobalSection
	GlobalSection(SolutionProperties) = preSolution
		HideSolutionNode = FALSE
	EndGlobalSection
EndGlobal
